{
  "version": 4,
  "terraform_version": "1.13.2",
  "serial": 1408,
  "lineage": "2f246eed-5de7-1dfd-107f-7a5876c15e41",
  "outputs": {
    "lb_dns_name": {
      "value": "Loadbalancer-1865587244.eu-central-1.elb.amazonaws.com",
      "type": "string"
    }
  },
  "resources": [
    {
      "mode": "data",
      "type": "aws_ami",
      "name": "amznl2",
      "provider": "provider[\"registry.terraform.io/hashicorp/aws\"]",
      "instances": [
        {
          "schema_version": 0,
          "attributes": {
            "architecture": "x86_64",
            "arn": "arn:aws:ec2:eu-central-1::image/ami-0a88743759c81c37e",
            "block_device_mappings": [
              {
                "device_name": "/dev/xvda",
                "ebs": {
                  "delete_on_termination": "true",
                  "encrypted": "false",
                  "iops": "0",
                  "snapshot_id": "snap-013bd72a389d45651",
                  "throughput": "0",
                  "volume_size": "8",
                  "volume_type": "gp2"
                },
                "no_device": "",
                "virtual_name": ""
              }
            ],
            "boot_mode": "",
            "creation_date": "2025-09-10T19:04:05.000Z",
            "deprecation_time": "2025-12-09T19:04:00.000Z",
            "description": "Amazon Linux 2 AMI 2.0.20250915.0 x86_64 HVM gp2",
            "ena_support": true,
            "executable_users": null,
            "filter": [
              {
                "name": "name",
                "values": [
                  "amzn2-ami-hvm-*-x86_64-gp2"
                ]
              }
            ],
            "hypervisor": "xen",
            "id": "ami-0a88743759c81c37e",
            "image_id": "ami-0a88743759c81c37e",
            "image_location": "amazon/amzn2-ami-hvm-2.0.20250915.0-x86_64-gp2",
            "image_owner_alias": "amazon",
            "image_type": "machine",
            "imds_support": "",
            "include_deprecated": false,
            "kernel_id": "",
            "most_recent": true,
            "name": "amzn2-ami-hvm-2.0.20250915.0-x86_64-gp2",
            "name_regex": null,
            "owner_id": "137112412989",
            "owners": [
              "amazon"
            ],
            "platform": "",
            "platform_details": "Linux/UNIX",
            "product_codes": [],
            "public": true,
            "ramdisk_id": "",
            "root_device_name": "/dev/xvda",
            "root_device_type": "ebs",
            "root_snapshot_id": "snap-013bd72a389d45651",
            "sriov_net_support": "simple",
            "state": "available",
            "state_reason": {
              "code": "UNSET",
              "message": "UNSET"
            },
            "tags": {},
            "timeouts": null,
            "tpm_support": "",
            "usage_operation": "RunInstances",
            "virtualization_type": "hvm"
          },
          "sensitive_attributes": [],
          "identity_schema_version": 0
        }
      ]
    },
    {
      "mode": "managed",
      "type": "aws_db_instance",
      "name": "database",
      "provider": "provider[\"registry.terraform.io/hashicorp/aws\"]",
      "instances": [
        {
          "schema_version": 2,
          "attributes": {
            "address": "mydb.cnsowymaalc7.eu-central-1.rds.amazonaws.com",
            "allocated_storage": 20,
            "allow_major_version_upgrade": null,
            "apply_immediately": false,
            "arn": "arn:aws:rds:eu-central-1:771355239277:db:mydb",
            "auto_minor_version_upgrade": true,
            "availability_zone": "eu-central-1a",
            "backup_retention_period": 0,
            "backup_target": "region",
            "backup_window": "20:41-21:11",
            "blue_green_update": [],
            "ca_cert_identifier": "rds-ca-rsa2048-g1",
            "character_set_name": "",
            "copy_tags_to_snapshot": false,
            "custom_iam_instance_profile": "",
            "customer_owned_ip_enabled": false,
            "db_name": "Webappdb",
            "db_subnet_group_name": "db-subnet",
            "delete_automated_backups": true,
            "deletion_protection": false,
            "domain": "",
            "domain_auth_secret_arn": "",
            "domain_dns_ips": null,
            "domain_fqdn": "",
            "domain_iam_role_name": "",
            "domain_ou": "",
            "enabled_cloudwatch_logs_exports": null,
            "endpoint": "mydb.cnsowymaalc7.eu-central-1.rds.amazonaws.com:3306",
            "engine": "mysql",
            "engine_version": "8.0.42",
            "engine_version_actual": "8.0.42",
            "final_snapshot_identifier": null,
            "hosted_zone_id": "Z1RLNUO7B9Q6NB",
            "iam_database_authentication_enabled": false,
            "id": "db-5FOKZY7W7OPHU42ZI3C67QU6CU",
            "identifier": "mydb",
            "identifier_prefix": "",
            "instance_class": "db.t3.micro",
            "iops": 0,
            "kms_key_id": "",
            "latest_restorable_time": "",
            "license_model": "general-public-license",
            "listener_endpoint": [],
            "maintenance_window": "mon:03:05-mon:03:35",
            "manage_master_user_password": null,
            "master_user_secret": [],
            "master_user_secret_kms_key_id": null,
            "max_allocated_storage": 0,
            "monitoring_interval": 0,
            "monitoring_role_arn": "",
            "multi_az": false,
            "nchar_character_set_name": "",
            "network_type": "IPV4",
            "option_group_name": "default:mysql-8-0",
            "parameter_group_name": "default.mysql8.0",
            "password": "Password",
            "performance_insights_enabled": false,
            "performance_insights_kms_key_id": "",
            "performance_insights_retention_period": 0,
            "port": 3306,
            "publicly_accessible": false,
            "replica_mode": "",
            "replicas": [],
            "replicate_source_db": "",
            "resource_id": "db-5FOKZY7W7OPHU42ZI3C67QU6CU",
            "restore_to_point_in_time": [],
            "s3_import": [],
            "skip_final_snapshot": true,
            "snapshot_identifier": null,
            "status": "available",
            "storage_encrypted": false,
            "storage_throughput": 0,
            "storage_type": "gp2",
            "tags": null,
            "tags_all": {},
            "timeouts": null,
            "timezone": "",
            "username": "admin",
            "vpc_security_group_ids": [
              "sg-0f0d8fd7f2b5707ba"
            ]
          },
          "sensitive_attributes": [
            [
              {
                "type": "get_attr",
                "value": "password"
              }
            ]
          ],
          "identity_schema_version": 0,
          "private": "eyJlMmJmYjczMC1lY2FhLTExZTYtOGY4OC0zNDM2M2JjN2M0YzAiOnsiY3JlYXRlIjoyNDAwMDAwMDAwMDAwLCJkZWxldGUiOjM2MDAwMDAwMDAwMDAsInVwZGF0ZSI6NDgwMDAwMDAwMDAwMH0sInNjaGVtYV92ZXJzaW9uIjoiMiJ9",
          "dependencies": [
            "aws_db_subnet_group.db-subnet",
            "aws_security_group.Database-SG",
            "aws_subnet.Subnet_Web01",
            "aws_subnet.Subnet_Web02",
            "aws_vpc.Innovatech-VPC"
          ]
        }
      ]
    },
    {
      "mode": "managed",
      "type": "aws_db_subnet_group",
      "name": "db-subnet",
      "provider": "provider[\"registry.terraform.io/hashicorp/aws\"]",
      "instances": [
        {
          "schema_version": 0,
          "attributes": {
            "arn": "arn:aws:rds:eu-central-1:771355239277:subgrp:db-subnet",
            "description": "Managed by Terraform",
            "id": "db-subnet",
            "name": "db-subnet",
            "name_prefix": "",
            "subnet_ids": [
              "subnet-00c9cc3ad41f43337",
              "subnet-0791b69a16962ddf0"
            ],
            "supported_network_types": [
              "IPV4"
            ],
            "tags": null,
            "tags_all": {},
            "vpc_id": "vpc-085fb43645452d106"
          },
          "sensitive_attributes": [],
          "identity_schema_version": 0,
          "private": "bnVsbA==",
          "dependencies": [
            "aws_subnet.Subnet_Web01",
            "aws_subnet.Subnet_Web02",
            "aws_vpc.Innovatech-VPC"
          ]
        }
      ]
    },
    {
      "mode": "managed",
      "type": "aws_instance",
      "name": "Webserver01",
      "provider": "provider[\"registry.terraform.io/hashicorp/aws\"]",
      "instances": [
        {
          "schema_version": 1,
          "attributes": {
            "ami": "ami-0a88743759c81c37e",
            "arn": "arn:aws:ec2:eu-central-1:771355239277:instance/i-042c8149802b614aa",
            "associate_public_ip_address": true,
            "availability_zone": "eu-central-1a",
            "capacity_reservation_specification": [
              {
                "capacity_reservation_preference": "open",
                "capacity_reservation_target": []
              }
            ],
            "cpu_core_count": 1,
            "cpu_options": [
              {
                "amd_sev_snp": "",
                "core_count": 1,
                "threads_per_core": 2
              }
            ],
            "cpu_threads_per_core": 2,
            "credit_specification": [
              {
                "cpu_credits": "unlimited"
              }
            ],
            "disable_api_stop": false,
            "disable_api_termination": false,
            "ebs_block_device": [],
            "ebs_optimized": false,
            "enclave_options": [
              {
                "enabled": false
              }
            ],
            "ephemeral_block_device": [],
            "get_password_data": false,
            "hibernation": false,
            "host_id": "",
            "host_resource_group_arn": null,
            "iam_instance_profile": "",
            "id": "i-042c8149802b614aa",
            "instance_initiated_shutdown_behavior": "stop",
            "instance_lifecycle": "",
            "instance_market_options": [],
            "instance_state": "running",
            "instance_type": "t3.micro",
            "ipv6_address_count": 0,
            "ipv6_addresses": [],
            "key_name": "acceskey",
            "launch_template": [],
            "maintenance_options": [
              {
                "auto_recovery": "default"
              }
            ],
            "metadata_options": [
              {
                "http_endpoint": "enabled",
                "http_protocol_ipv6": "disabled",
                "http_put_response_hop_limit": 1,
                "http_tokens": "optional",
                "instance_metadata_tags": "disabled"
              }
            ],
            "monitoring": false,
            "network_interface": [],
            "outpost_arn": "",
            "password_data": "",
            "placement_group": "",
            "placement_partition_number": 0,
            "primary_network_interface_id": "eni-0aebb3d408bc12750",
            "private_dns": "ip-192-168-2-219.eu-central-1.compute.internal",
            "private_dns_name_options": [
              {
                "enable_resource_name_dns_a_record": false,
                "enable_resource_name_dns_aaaa_record": false,
                "hostname_type": "ip-name"
              }
            ],
            "private_ip": "192.168.2.219",
            "public_dns": "",
            "public_ip": "3.70.222.251",
            "root_block_device": [
              {
                "delete_on_termination": true,
                "device_name": "/dev/xvda",
                "encrypted": false,
                "iops": 100,
                "kms_key_id": "",
                "tags": {},
                "tags_all": {},
                "throughput": 0,
                "volume_id": "vol-005e96a3d9d7e0847",
                "volume_size": 8,
                "volume_type": "gp2"
              }
            ],
            "secondary_private_ips": [],
            "security_groups": [],
            "source_dest_check": true,
            "spot_instance_request_id": "",
            "subnet_id": "subnet-00c9cc3ad41f43337",
            "tags": {
              "Name": "Web01"
            },
            "tags_all": {
              "Name": "Web01"
            },
            "tenancy": "default",
            "timeouts": null,
            "user_data": "c54eff8a835de465f4887d5b97835e70b90e2ad7",
            "user_data_base64": null,
            "user_data_replace_on_change": false,
            "volume_tags": null,
            "vpc_security_group_ids": [
              "sg-0458e7475cc11fbfd",
              "sg-0ac57e1d09a74ad7a"
            ]
          },
          "sensitive_attributes": [],
          "identity_schema_version": 0,
          "private": "eyJlMmJmYjczMC1lY2FhLTExZTYtOGY4OC0zNDM2M2JjN2M0YzAiOnsiY3JlYXRlIjo2MDAwMDAwMDAwMDAsImRlbGV0ZSI6MTIwMDAwMDAwMDAwMCwicmVhZCI6OTAwMDAwMDAwMDAwLCJ1cGRhdGUiOjYwMDAwMDAwMDAwMH0sInNjaGVtYV92ZXJzaW9uIjoiMSJ9",
          "dependencies": [
            "aws_db_instance.database",
            "aws_db_subnet_group.db-subnet",
            "aws_key_pair.acceskey",
            "aws_security_group.Database-SG",
            "aws_security_group.SSH-Acces",
            "aws_security_group.WebSG",
            "aws_security_group.loadbalancerSG",
            "aws_subnet.Subnet_Web01",
            "aws_subnet.Subnet_Web02",
            "aws_vpc.Innovatech-VPC",
            "data.aws_ami.amznl2",
            "tls_private_key.acceskey"
          ]
        }
      ]
    },
    {
      "mode": "managed",
      "type": "aws_instance",
      "name": "webserver02",
      "provider": "provider[\"registry.terraform.io/hashicorp/aws\"]",
      "instances": [
        {
          "schema_version": 1,
          "attributes": {
            "ami": "ami-0a88743759c81c37e",
            "arn": "arn:aws:ec2:eu-central-1:771355239277:instance/i-0d73840d1e87ea32d",
            "associate_public_ip_address": true,
            "availability_zone": "eu-central-1b",
            "capacity_reservation_specification": [
              {
                "capacity_reservation_preference": "open",
                "capacity_reservation_target": []
              }
            ],
            "cpu_core_count": 1,
            "cpu_options": [
              {
                "amd_sev_snp": "",
                "core_count": 1,
                "threads_per_core": 2
              }
            ],
            "cpu_threads_per_core": 2,
            "credit_specification": [
              {
                "cpu_credits": "unlimited"
              }
            ],
            "disable_api_stop": false,
            "disable_api_termination": false,
            "ebs_block_device": [],
            "ebs_optimized": false,
            "enclave_options": [
              {
                "enabled": false
              }
            ],
            "ephemeral_block_device": [],
            "get_password_data": false,
            "hibernation": false,
            "host_id": "",
            "host_resource_group_arn": null,
            "iam_instance_profile": "",
            "id": "i-0d73840d1e87ea32d",
            "instance_initiated_shutdown_behavior": "stop",
            "instance_lifecycle": "",
            "instance_market_options": [],
            "instance_state": "running",
            "instance_type": "t3.micro",
            "ipv6_address_count": 0,
            "ipv6_addresses": [],
            "key_name": "acceskey",
            "launch_template": [],
            "maintenance_options": [
              {
                "auto_recovery": "default"
              }
            ],
            "metadata_options": [
              {
                "http_endpoint": "enabled",
                "http_protocol_ipv6": "disabled",
                "http_put_response_hop_limit": 1,
                "http_tokens": "optional",
                "instance_metadata_tags": "disabled"
              }
            ],
            "monitoring": false,
            "network_interface": [],
            "outpost_arn": "",
            "password_data": "",
            "placement_group": "",
            "placement_partition_number": 0,
            "primary_network_interface_id": "eni-099499cdf5024d8f6",
            "private_dns": "ip-192-168-3-6.eu-central-1.compute.internal",
            "private_dns_name_options": [
              {
                "enable_resource_name_dns_a_record": false,
                "enable_resource_name_dns_aaaa_record": false,
                "hostname_type": "ip-name"
              }
            ],
            "private_ip": "192.168.3.6",
            "public_dns": "",
            "public_ip": "52.29.205.204",
            "root_block_device": [
              {
                "delete_on_termination": true,
                "device_name": "/dev/xvda",
                "encrypted": false,
                "iops": 100,
                "kms_key_id": "",
                "tags": {},
                "tags_all": {},
                "throughput": 0,
                "volume_id": "vol-025bb81dec0abf085",
                "volume_size": 8,
                "volume_type": "gp2"
              }
            ],
            "secondary_private_ips": [],
            "security_groups": [],
            "source_dest_check": true,
            "spot_instance_request_id": "",
            "subnet_id": "subnet-0791b69a16962ddf0",
            "tags": {
              "Name": "Web02"
            },
            "tags_all": {
              "Name": "Web02"
            },
            "tenancy": "default",
            "timeouts": null,
            "user_data": "32c36a8ad734476c261553340ad6506647fb9c09",
            "user_data_base64": null,
            "user_data_replace_on_change": false,
            "volume_tags": null,
            "vpc_security_group_ids": [
              "sg-0458e7475cc11fbfd",
              "sg-0ac57e1d09a74ad7a"
            ]
          },
          "sensitive_attributes": [],
          "identity_schema_version": 0,
          "private": "eyJlMmJmYjczMC1lY2FhLTExZTYtOGY4OC0zNDM2M2JjN2M0YzAiOnsiY3JlYXRlIjo2MDAwMDAwMDAwMDAsImRlbGV0ZSI6MTIwMDAwMDAwMDAwMCwicmVhZCI6OTAwMDAwMDAwMDAwLCJ1cGRhdGUiOjYwMDAwMDAwMDAwMH0sInNjaGVtYV92ZXJzaW9uIjoiMSJ9",
          "dependencies": [
            "aws_db_instance.database",
            "aws_db_subnet_group.db-subnet",
            "aws_key_pair.acceskey",
            "aws_security_group.Database-SG",
            "aws_security_group.SSH-Acces",
            "aws_security_group.WebSG",
            "aws_security_group.loadbalancerSG",
            "aws_subnet.Subnet_Web01",
            "aws_subnet.Subnet_Web02",
            "aws_vpc.Innovatech-VPC",
            "data.aws_ami.amznl2",
            "tls_private_key.acceskey"
          ]
        }
      ]
    },
    {
      "mode": "managed",
      "type": "aws_internet_gateway",
      "name": "Innovatech-igw",
      "provider": "provider[\"registry.terraform.io/hashicorp/aws\"]",
      "instances": [
        {
          "schema_version": 0,
          "attributes": {
            "arn": "arn:aws:ec2:eu-central-1:771355239277:internet-gateway/igw-06bf2c3583198d675",
            "id": "igw-06bf2c3583198d675",
            "owner_id": "771355239277",
            "tags": null,
            "tags_all": {},
            "timeouts": null,
            "vpc_id": "vpc-085fb43645452d106"
          },
          "sensitive_attributes": [],
          "identity_schema_version": 0,
          "private": "eyJlMmJmYjczMC1lY2FhLTExZTYtOGY4OC0zNDM2M2JjN2M0YzAiOnsiY3JlYXRlIjoxMjAwMDAwMDAwMDAwLCJkZWxldGUiOjEyMDAwMDAwMDAwMDAsInVwZGF0ZSI6MTIwMDAwMDAwMDAwMH19",
          "dependencies": [
            "aws_vpc.Innovatech-VPC"
          ]
        }
      ]
    },
    {
      "mode": "managed",
      "type": "aws_key_pair",
      "name": "acceskey",
      "provider": "provider[\"registry.terraform.io/hashicorp/aws\"]",
      "instances": [
        {
          "schema_version": 1,
          "attributes": {
            "arn": "arn:aws:ec2:eu-central-1:771355239277:key-pair/acceskey",
            "fingerprint": "bd:d0:48:de:20:15:6a:a5:7f:b1:93:fd:9a:4f:73:15",
            "id": "acceskey",
            "key_name": "acceskey",
            "key_name_prefix": "",
            "key_pair_id": "key-0ee1f941f4c888585",
            "key_type": "rsa",
            "public_key": "ssh-rsa AAAAB3NzaC1yc2EAAAADAQABAAABAQC/iH5NNZHZ6kWDsqkK1KCDhMoVPj5PgX70weu/iI7ZrbEUadMax5I0EH0JhYFH1FyUPE4gV+9MTxUWmDGfaBZ0PNcSC5uxaLkanKQds17oTArv6CPyFh7ciDi3lj7ePEgWAUN3MOciDKKO6UCLX77WUHWxuCXC0thBoUsym2F/IIECAkK6A/F8qv5CaKQawi3y2CrXfDZsxSweOFqSjQX3QMu3F70g9PLzj7Ry23zNs5ybTf3k15FsFN1Vk956dwwX9LhBV3um4MZSJuQWAd0xCxj4bMk+WQO2o5ke83aXJZbsGA+lt/sDNrh31JjGfTnpqpIRU96y+WHMYQs0b2PJ",
            "tags": null,
            "tags_all": {}
          },
          "sensitive_attributes": [],
          "identity_schema_version": 0,
          "private": "eyJzY2hlbWFfdmVyc2lvbiI6IjEifQ==",
          "dependencies": [
            "tls_private_key.acceskey"
          ]
        }
      ]
    },
    {
      "mode": "managed",
      "type": "aws_lb",
      "name": "loadbalancer",
      "provider": "provider[\"registry.terraform.io/hashicorp/aws\"]",
      "instances": [
        {
          "schema_version": 0,
          "attributes": {
            "access_logs": [
              {
                "bucket": "",
                "enabled": false,
                "prefix": ""
              }
            ],
            "arn": "arn:aws:elasticloadbalancing:eu-central-1:771355239277:loadbalancer/app/Loadbalancer/c64139fa08d8b7cc",
            "arn_suffix": "app/Loadbalancer/c64139fa08d8b7cc",
            "connection_logs": [
              {
                "bucket": "",
                "enabled": false,
                "prefix": ""
              }
            ],
            "customer_owned_ipv4_pool": "",
            "desync_mitigation_mode": "defensive",
            "dns_name": "Loadbalancer-1865587244.eu-central-1.elb.amazonaws.com",
            "dns_record_client_routing_policy": null,
            "drop_invalid_header_fields": false,
            "enable_cross_zone_load_balancing": true,
            "enable_deletion_protection": false,
            "enable_http2": true,
            "enable_tls_version_and_cipher_suite_headers": false,
            "enable_waf_fail_open": false,
            "enable_xff_client_port": false,
            "enforce_security_group_inbound_rules_on_private_link_traffic": "",
            "id": "arn:aws:elasticloadbalancing:eu-central-1:771355239277:loadbalancer/app/Loadbalancer/c64139fa08d8b7cc",
            "idle_timeout": 60,
            "internal": false,
            "ip_address_type": "ipv4",
            "load_balancer_type": "application",
            "name": "Loadbalancer",
            "name_prefix": "",
            "preserve_host_header": false,
            "security_groups": [
              "sg-088db25c5eaded8ff"
            ],
            "subnet_mapping": [
              {
                "allocation_id": "",
                "ipv6_address": "",
                "outpost_id": "",
                "private_ipv4_address": "",
                "subnet_id": "subnet-00c9cc3ad41f43337"
              },
              {
                "allocation_id": "",
                "ipv6_address": "",
                "outpost_id": "",
                "private_ipv4_address": "",
                "subnet_id": "subnet-0791b69a16962ddf0"
              }
            ],
            "subnets": [
              "subnet-00c9cc3ad41f43337",
              "subnet-0791b69a16962ddf0"
            ],
            "tags": null,
            "tags_all": {},
            "timeouts": null,
            "vpc_id": "vpc-085fb43645452d106",
            "xff_header_processing_mode": "append",
            "zone_id": "Z215JYRZR1TBD5"
          },
          "sensitive_attributes": [],
          "identity_schema_version": 0,
          "private": "eyJlMmJmYjczMC1lY2FhLTExZTYtOGY4OC0zNDM2M2JjN2M0YzAiOnsiY3JlYXRlIjo2MDAwMDAwMDAwMDAsImRlbGV0ZSI6NjAwMDAwMDAwMDAwLCJ1cGRhdGUiOjYwMDAwMDAwMDAwMH19",
          "dependencies": [
            "aws_security_group.loadbalancerSG",
            "aws_subnet.Subnet_Web01",
            "aws_subnet.Subnet_Web02",
            "aws_vpc.Innovatech-VPC"
          ]
        }
      ]
    },
    {
      "mode": "managed",
      "type": "aws_lb_listener",
      "name": "http",
      "provider": "provider[\"registry.terraform.io/hashicorp/aws\"]",
      "instances": [
        {
          "schema_version": 0,
          "attributes": {
            "alpn_policy": null,
            "arn": "arn:aws:elasticloadbalancing:eu-central-1:771355239277:listener/app/Loadbalancer/c64139fa08d8b7cc/9c035fbc1a18c8b8",
            "certificate_arn": null,
            "default_action": [
              {
                "authenticate_cognito": [],
                "authenticate_oidc": [],
                "fixed_response": [],
                "forward": [],
                "order": 1,
                "redirect": [],
                "target_group_arn": "arn:aws:elasticloadbalancing:eu-central-1:771355239277:targetgroup/LoadbalancerTG/e4a9e65a682937cd",
                "type": "forward"
              }
            ],
            "id": "arn:aws:elasticloadbalancing:eu-central-1:771355239277:listener/app/Loadbalancer/c64139fa08d8b7cc/9c035fbc1a18c8b8",
            "load_balancer_arn": "arn:aws:elasticloadbalancing:eu-central-1:771355239277:loadbalancer/app/Loadbalancer/c64139fa08d8b7cc",
            "mutual_authentication": [],
            "port": 80,
            "protocol": "HTTP",
            "ssl_policy": "",
            "tags": null,
            "tags_all": {},
            "timeouts": null
          },
          "sensitive_attributes": [],
          "identity_schema_version": 0,
          "private": "eyJlMmJmYjczMC1lY2FhLTExZTYtOGY4OC0zNDM2M2JjN2M0YzAiOnsiY3JlYXRlIjozMDAwMDAwMDAwMDAsInVwZGF0ZSI6MzAwMDAwMDAwMDAwfX0=",
          "dependencies": [
            "aws_lb.loadbalancer",
            "aws_lb_target_group.LoadbalancerTG",
            "aws_security_group.loadbalancerSG",
            "aws_subnet.Subnet_Web01",
            "aws_subnet.Subnet_Web02",
            "aws_vpc.Innovatech-VPC"
          ]
        }
      ]
    },
    {
      "mode": "managed",
      "type": "aws_lb_target_group",
      "name": "LoadbalancerTG",
      "provider": "provider[\"registry.terraform.io/hashicorp/aws\"]",
      "instances": [
        {
          "schema_version": 0,
          "attributes": {
            "arn": "arn:aws:elasticloadbalancing:eu-central-1:771355239277:targetgroup/LoadbalancerTG/e4a9e65a682937cd",
            "arn_suffix": "targetgroup/LoadbalancerTG/e4a9e65a682937cd",
            "connection_termination": null,
            "deregistration_delay": "300",
            "health_check": [
              {
                "enabled": true,
                "healthy_threshold": 3,
                "interval": 30,
                "matcher": "200-399",
                "path": "/",
                "port": "traffic-port",
                "protocol": "HTTP",
                "timeout": 5,
                "unhealthy_threshold": 3
              }
            ],
            "id": "arn:aws:elasticloadbalancing:eu-central-1:771355239277:targetgroup/LoadbalancerTG/e4a9e65a682937cd",
            "ip_address_type": "ipv4",
            "lambda_multi_value_headers_enabled": false,
            "load_balancer_arns": [],
            "load_balancing_algorithm_type": "round_robin",
            "load_balancing_anomaly_mitigation": "off",
            "load_balancing_cross_zone_enabled": "use_load_balancer_configuration",
            "name": "LoadbalancerTG",
            "name_prefix": "",
            "port": 80,
            "preserve_client_ip": null,
            "protocol": "HTTP",
            "protocol_version": "HTTP1",
            "proxy_protocol_v2": false,
            "slow_start": 0,
            "stickiness": [
              {
                "cookie_duration": 86400,
                "cookie_name": "",
                "enabled": false,
                "type": "lb_cookie"
              }
            ],
            "tags": null,
            "tags_all": {},
            "target_failover": [
              {
                "on_deregistration": null,
                "on_unhealthy": null
              }
            ],
            "target_health_state": [
              {
                "enable_unhealthy_connection_termination": null
              }
            ],
            "target_type": "instance",
            "vpc_id": "vpc-085fb43645452d106"
          },
          "sensitive_attributes": [],
          "identity_schema_version": 0,
          "private": "bnVsbA==",
          "dependencies": [
            "aws_vpc.Innovatech-VPC"
          ]
        }
      ]
    },
    {
      "mode": "managed",
      "type": "aws_lb_target_group_attachment",
      "name": "Web01",
      "provider": "provider[\"registry.terraform.io/hashicorp/aws\"]",
      "instances": [
        {
          "schema_version": 0,
          "attributes": {
            "availability_zone": null,
            "id": "arn:aws:elasticloadbalancing:eu-central-1:771355239277:targetgroup/LoadbalancerTG/e4a9e65a682937cd-20250925134235456400000005",
            "port": 80,
            "target_group_arn": "arn:aws:elasticloadbalancing:eu-central-1:771355239277:targetgroup/LoadbalancerTG/e4a9e65a682937cd",
            "target_id": "i-042c8149802b614aa"
          },
          "sensitive_attributes": [],
          "identity_schema_version": 0,
          "private": "bnVsbA==",
          "dependencies": [
            "aws_db_instance.database",
            "aws_db_subnet_group.db-subnet",
            "aws_instance.Webserver01",
            "aws_key_pair.acceskey",
            "aws_lb_target_group.LoadbalancerTG",
            "aws_security_group.Database-SG",
            "aws_security_group.SSH-Acces",
            "aws_security_group.WebSG",
            "aws_security_group.loadbalancerSG",
            "aws_subnet.Subnet_Web01",
            "aws_subnet.Subnet_Web02",
            "aws_vpc.Innovatech-VPC",
            "data.aws_ami.amznl2",
            "tls_private_key.acceskey"
          ]
        }
      ]
    },
    {
      "mode": "managed",
      "type": "aws_lb_target_group_attachment",
      "name": "Web02",
      "provider": "provider[\"registry.terraform.io/hashicorp/aws\"]",
      "instances": [
        {
          "schema_version": 0,
          "attributes": {
            "availability_zone": null,
            "id": "arn:aws:elasticloadbalancing:eu-central-1:771355239277:targetgroup/LoadbalancerTG/e4a9e65a682937cd-20250925134235491000000006",
            "port": 80,
            "target_group_arn": "arn:aws:elasticloadbalancing:eu-central-1:771355239277:targetgroup/LoadbalancerTG/e4a9e65a682937cd",
            "target_id": "i-0d73840d1e87ea32d"
          },
          "sensitive_attributes": [],
          "identity_schema_version": 0,
          "private": "bnVsbA==",
          "dependencies": [
            "aws_db_instance.database",
            "aws_db_subnet_group.db-subnet",
            "aws_instance.webserver02",
            "aws_key_pair.acceskey",
            "aws_lb_target_group.LoadbalancerTG",
            "aws_security_group.Database-SG",
            "aws_security_group.SSH-Acces",
            "aws_security_group.WebSG",
            "aws_security_group.loadbalancerSG",
            "aws_subnet.Subnet_Web01",
            "aws_subnet.Subnet_Web02",
            "aws_vpc.Innovatech-VPC",
            "data.aws_ami.amznl2",
            "tls_private_key.acceskey"
          ]
        }
      ]
    },
    {
      "mode": "managed",
      "type": "aws_route_table",
      "name": "public-rt",
      "provider": "provider[\"registry.terraform.io/hashicorp/aws\"]",
      "instances": [
        {
          "schema_version": 0,
          "attributes": {
            "arn": "arn:aws:ec2:eu-central-1:771355239277:route-table/rtb-07a5c1d9510cbb073",
            "id": "rtb-07a5c1d9510cbb073",
            "owner_id": "771355239277",
            "propagating_vgws": [],
            "route": [
              {
                "carrier_gateway_id": "",
                "cidr_block": "0.0.0.0/0",
                "core_network_arn": "",
                "destination_prefix_list_id": "",
                "egress_only_gateway_id": "",
                "gateway_id": "igw-06bf2c3583198d675",
                "ipv6_cidr_block": "",
                "local_gateway_id": "",
                "nat_gateway_id": "",
                "network_interface_id": "",
                "transit_gateway_id": "",
                "vpc_endpoint_id": "",
                "vpc_peering_connection_id": ""
              }
            ],
            "tags": null,
            "tags_all": {},
            "timeouts": null,
            "vpc_id": "vpc-085fb43645452d106"
          },
          "sensitive_attributes": [],
          "identity_schema_version": 0,
          "private": "eyJlMmJmYjczMC1lY2FhLTExZTYtOGY4OC0zNDM2M2JjN2M0YzAiOnsiY3JlYXRlIjozMDAwMDAwMDAwMDAsImRlbGV0ZSI6MzAwMDAwMDAwMDAwLCJ1cGRhdGUiOjEyMDAwMDAwMDAwMH19",
          "dependencies": [
            "aws_internet_gateway.Innovatech-igw",
            "aws_vpc.Innovatech-VPC"
          ]
        }
      ]
    },
    {
      "mode": "managed",
      "type": "aws_route_table_association",
      "name": "a",
      "provider": "provider[\"registry.terraform.io/hashicorp/aws\"]",
      "instances": [
        {
          "schema_version": 0,
          "attributes": {
            "gateway_id": "",
            "id": "rtbassoc-0f84b5e9f13a831c8",
            "route_table_id": "rtb-07a5c1d9510cbb073",
            "subnet_id": "subnet-00c9cc3ad41f43337",
            "timeouts": null
          },
          "sensitive_attributes": [],
          "identity_schema_version": 0,
          "private": "eyJlMmJmYjczMC1lY2FhLTExZTYtOGY4OC0zNDM2M2JjN2M0YzAiOnsiY3JlYXRlIjozMDAwMDAwMDAwMDAsImRlbGV0ZSI6MzAwMDAwMDAwMDAwLCJ1cGRhdGUiOjEyMDAwMDAwMDAwMH19",
          "dependencies": [
            "aws_internet_gateway.Innovatech-igw",
            "aws_route_table.public-rt",
            "aws_subnet.Subnet_Web01",
            "aws_vpc.Innovatech-VPC"
          ]
        }
      ]
    },
    {
      "mode": "managed",
      "type": "aws_route_table_association",
      "name": "b",
      "provider": "provider[\"registry.terraform.io/hashicorp/aws\"]",
      "instances": [
        {
          "schema_version": 0,
          "attributes": {
            "gateway_id": "",
            "id": "rtbassoc-07de0648eb2ff612b",
            "route_table_id": "rtb-07a5c1d9510cbb073",
            "subnet_id": "subnet-0791b69a16962ddf0",
            "timeouts": null
          },
          "sensitive_attributes": [],
          "identity_schema_version": 0,
          "private": "eyJlMmJmYjczMC1lY2FhLTExZTYtOGY4OC0zNDM2M2JjN2M0YzAiOnsiY3JlYXRlIjozMDAwMDAwMDAwMDAsImRlbGV0ZSI6MzAwMDAwMDAwMDAwLCJ1cGRhdGUiOjEyMDAwMDAwMDAwMH19",
          "dependencies": [
            "aws_internet_gateway.Innovatech-igw",
            "aws_route_table.public-rt",
            "aws_subnet.Subnet_Web02",
            "aws_vpc.Innovatech-VPC"
          ]
        }
      ]
    },
    {
      "mode": "managed",
      "type": "aws_security_group",
      "name": "Database-SG",
      "provider": "provider[\"registry.terraform.io/hashicorp/aws\"]",
      "instances": [
        {
          "schema_version": 1,
          "attributes": {
            "arn": "arn:aws:ec2:eu-central-1:771355239277:security-group/sg-0f0d8fd7f2b5707ba",
            "description": "Managed by Terraform",
            "egress": [
              {
                "cidr_blocks": [
                  "0.0.0.0/0"
                ],
                "description": "",
                "from_port": 0,
                "ipv6_cidr_blocks": [],
                "prefix_list_ids": [],
                "protocol": "-1",
                "security_groups": [],
                "self": false,
                "to_port": 0
              }
            ],
            "id": "sg-0f0d8fd7f2b5707ba",
            "ingress": [
              {
                "cidr_blocks": [
                  "0.0.0.0/0"
                ],
                "description": "",
                "from_port": 3306,
                "ipv6_cidr_blocks": [],
                "prefix_list_ids": [],
                "protocol": "tcp",
                "security_groups": [],
                "self": false,
                "to_port": 3306
              }
            ],
            "name": "terraform-20250925133806880100000001",
            "name_prefix": "terraform-",
            "owner_id": "771355239277",
            "revoke_rules_on_delete": false,
            "tags": null,
            "tags_all": {},
            "timeouts": null,
            "vpc_id": "vpc-085fb43645452d106"
          },
          "sensitive_attributes": [],
          "identity_schema_version": 0,
          "private": "eyJlMmJmYjczMC1lY2FhLTExZTYtOGY4OC0zNDM2M2JjN2M0YzAiOnsiY3JlYXRlIjo2MDAwMDAwMDAwMDAsImRlbGV0ZSI6OTAwMDAwMDAwMDAwfSwic2NoZW1hX3ZlcnNpb24iOiIxIn0=",
          "dependencies": [
            "aws_vpc.Innovatech-VPC"
          ]
        }
      ]
    },
    {
      "mode": "managed",
      "type": "aws_security_group",
      "name": "SSH-Acces",
      "provider": "provider[\"registry.terraform.io/hashicorp/aws\"]",
      "instances": [
        {
          "schema_version": 1,
          "attributes": {
            "arn": "arn:aws:ec2:eu-central-1:771355239277:security-group/sg-0458e7475cc11fbfd",
            "description": "Allow connection on port 22",
            "egress": [
              {
                "cidr_blocks": [
                  "0.0.0.0/0"
                ],
                "description": "",
                "from_port": 0,
                "ipv6_cidr_blocks": [],
                "prefix_list_ids": [],
                "protocol": "-1",
                "security_groups": [],
                "self": false,
                "to_port": 0
              }
            ],
            "id": "sg-0458e7475cc11fbfd",
            "ingress": [
              {
                "cidr_blocks": [
                  "0.0.0.0/0"
                ],
                "description": "",
                "from_port": 22,
                "ipv6_cidr_blocks": [],
                "prefix_list_ids": [],
                "protocol": "tcp",
                "security_groups": [],
                "self": false,
                "to_port": 22
              }
            ],
            "name": "Allow-SSH",
            "name_prefix": "",
            "owner_id": "771355239277",
            "revoke_rules_on_delete": false,
            "tags": {
              "Name": "AllowSSHSG"
            },
            "tags_all": {
              "Name": "AllowSSHSG"
            },
            "timeouts": null,
            "vpc_id": "vpc-085fb43645452d106"
          },
          "sensitive_attributes": [],
          "identity_schema_version": 0,
          "private": "eyJlMmJmYjczMC1lY2FhLTExZTYtOGY4OC0zNDM2M2JjN2M0YzAiOnsiY3JlYXRlIjo2MDAwMDAwMDAwMDAsImRlbGV0ZSI6OTAwMDAwMDAwMDAwfSwic2NoZW1hX3ZlcnNpb24iOiIxIn0=",
          "dependencies": [
            "aws_vpc.Innovatech-VPC"
          ]
        }
      ]
    },
    {
      "mode": "managed",
      "type": "aws_security_group",
      "name": "WebSG",
      "provider": "provider[\"registry.terraform.io/hashicorp/aws\"]",
      "instances": [
        {
          "schema_version": 1,
          "attributes": {
            "arn": "arn:aws:ec2:eu-central-1:771355239277:security-group/sg-0ac57e1d09a74ad7a",
            "description": "Allow HTTP from loadbalancer",
            "egress": [
              {
                "cidr_blocks": [
                  "0.0.0.0/0"
                ],
                "description": "",
                "from_port": 0,
                "ipv6_cidr_blocks": [],
                "prefix_list_ids": [],
                "protocol": "-1",
                "security_groups": [],
                "self": false,
                "to_port": 0
              }
            ],
            "id": "sg-0ac57e1d09a74ad7a",
            "ingress": [
              {
                "cidr_blocks": [],
                "description": "",
                "from_port": 80,
                "ipv6_cidr_blocks": [],
                "prefix_list_ids": [],
                "protocol": "tcp",
                "security_groups": [
                  "sg-088db25c5eaded8ff"
                ],
                "self": false,
                "to_port": 80
              }
            ],
            "name": "WebSG",
            "name_prefix": "",
            "owner_id": "771355239277",
            "revoke_rules_on_delete": false,
            "tags": null,
            "tags_all": {},
            "timeouts": null,
            "vpc_id": "vpc-085fb43645452d106"
          },
          "sensitive_attributes": [],
          "identity_schema_version": 0,
          "private": "eyJlMmJmYjczMC1lY2FhLTExZTYtOGY4OC0zNDM2M2JjN2M0YzAiOnsiY3JlYXRlIjo2MDAwMDAwMDAwMDAsImRlbGV0ZSI6OTAwMDAwMDAwMDAwfSwic2NoZW1hX3ZlcnNpb24iOiIxIn0=",
          "dependencies": [
            "aws_security_group.loadbalancerSG",
            "aws_vpc.Innovatech-VPC"
          ]
        }
      ]
    },
    {
      "mode": "managed",
      "type": "aws_security_group",
      "name": "loadbalancerSG",
      "provider": "provider[\"registry.terraform.io/hashicorp/aws\"]",
      "instances": [
        {
          "schema_version": 1,
          "attributes": {
            "arn": "arn:aws:ec2:eu-central-1:771355239277:security-group/sg-088db25c5eaded8ff",
            "description": "Allow HTTP from internet",
            "egress": [
              {
                "cidr_blocks": [
                  "0.0.0.0/0"
                ],
                "description": "",
                "from_port": 0,
                "ipv6_cidr_blocks": [],
                "prefix_list_ids": [],
                "protocol": "-1",
                "security_groups": [],
                "self": false,
                "to_port": 0
              }
            ],
            "id": "sg-088db25c5eaded8ff",
            "ingress": [
              {
                "cidr_blocks": [
                  "0.0.0.0/0"
                ],
                "description": "",
                "from_port": 80,
                "ipv6_cidr_blocks": [],
                "prefix_list_ids": [],
                "protocol": "tcp",
                "security_groups": [],
                "self": false,
                "to_port": 80
              }
            ],
            "name": "loadbalancerSG",
            "name_prefix": "",
            "owner_id": "771355239277",
            "revoke_rules_on_delete": false,
            "tags": null,
            "tags_all": {},
            "timeouts": null,
            "vpc_id": "vpc-085fb43645452d106"
          },
          "sensitive_attributes": [],
          "identity_schema_version": 0,
          "private": "eyJlMmJmYjczMC1lY2FhLTExZTYtOGY4OC0zNDM2M2JjN2M0YzAiOnsiY3JlYXRlIjo2MDAwMDAwMDAwMDAsImRlbGV0ZSI6OTAwMDAwMDAwMDAwfSwic2NoZW1hX3ZlcnNpb24iOiIxIn0=",
          "dependencies": [
            "aws_vpc.Innovatech-VPC"
          ]
        }
      ]
    },
    {
      "mode": "managed",
      "type": "aws_subnet",
      "name": "Subnet_Web01",
      "provider": "provider[\"registry.terraform.io/hashicorp/aws\"]",
      "instances": [
        {
          "schema_version": 1,
          "attributes": {
            "arn": "arn:aws:ec2:eu-central-1:771355239277:subnet/subnet-00c9cc3ad41f43337",
            "assign_ipv6_address_on_creation": false,
            "availability_zone": "eu-central-1a",
            "availability_zone_id": "euc1-az2",
            "cidr_block": "192.168.2.0/24",
            "customer_owned_ipv4_pool": "",
            "enable_dns64": false,
            "enable_lni_at_device_index": 0,
            "enable_resource_name_dns_a_record_on_launch": false,
            "enable_resource_name_dns_aaaa_record_on_launch": false,
            "id": "subnet-00c9cc3ad41f43337",
            "ipv6_cidr_block": "",
            "ipv6_cidr_block_association_id": "",
            "ipv6_native": false,
            "map_customer_owned_ip_on_launch": false,
            "map_public_ip_on_launch": false,
            "outpost_arn": "",
            "owner_id": "771355239277",
            "private_dns_hostname_type_on_launch": "ip-name",
            "tags": {
              "Name": "Subent_Web01"
            },
            "tags_all": {
              "Name": "Subent_Web01"
            },
            "timeouts": null,
            "vpc_id": "vpc-085fb43645452d106"
          },
          "sensitive_attributes": [],
          "identity_schema_version": 0,
          "private": "eyJlMmJmYjczMC1lY2FhLTExZTYtOGY4OC0zNDM2M2JjN2M0YzAiOnsiY3JlYXRlIjo2MDAwMDAwMDAwMDAsImRlbGV0ZSI6MTIwMDAwMDAwMDAwMH0sInNjaGVtYV92ZXJzaW9uIjoiMSJ9",
          "dependencies": [
            "aws_vpc.Innovatech-VPC"
          ]
        }
      ]
    },
    {
      "mode": "managed",
      "type": "aws_subnet",
      "name": "Subnet_Web02",
      "provider": "provider[\"registry.terraform.io/hashicorp/aws\"]",
      "instances": [
        {
          "schema_version": 1,
          "attributes": {
            "arn": "arn:aws:ec2:eu-central-1:771355239277:subnet/subnet-0791b69a16962ddf0",
            "assign_ipv6_address_on_creation": false,
            "availability_zone": "eu-central-1b",
            "availability_zone_id": "euc1-az3",
            "cidr_block": "192.168.3.0/24",
            "customer_owned_ipv4_pool": "",
            "enable_dns64": false,
            "enable_lni_at_device_index": 0,
            "enable_resource_name_dns_a_record_on_launch": false,
            "enable_resource_name_dns_aaaa_record_on_launch": false,
            "id": "subnet-0791b69a16962ddf0",
            "ipv6_cidr_block": "",
            "ipv6_cidr_block_association_id": "",
            "ipv6_native": false,
            "map_customer_owned_ip_on_launch": false,
            "map_public_ip_on_launch": false,
            "outpost_arn": "",
            "owner_id": "771355239277",
            "private_dns_hostname_type_on_launch": "ip-name",
            "tags": {
              "Name": "Subent_Web02"
            },
            "tags_all": {
              "Name": "Subent_Web02"
            },
            "timeouts": null,
            "vpc_id": "vpc-085fb43645452d106"
          },
          "sensitive_attributes": [],
          "identity_schema_version": 0,
          "private": "eyJlMmJmYjczMC1lY2FhLTExZTYtOGY4OC0zNDM2M2JjN2M0YzAiOnsiY3JlYXRlIjo2MDAwMDAwMDAwMDAsImRlbGV0ZSI6MTIwMDAwMDAwMDAwMH0sInNjaGVtYV92ZXJzaW9uIjoiMSJ9",
          "dependencies": [
            "aws_vpc.Innovatech-VPC"
          ]
        }
      ]
    },
    {
      "mode": "managed",
      "type": "aws_vpc",
      "name": "Innovatech-VPC",
      "provider": "provider[\"registry.terraform.io/hashicorp/aws\"]",
      "instances": [
        {
          "schema_version": 1,
          "attributes": {
            "arn": "arn:aws:ec2:eu-central-1:771355239277:vpc/vpc-085fb43645452d106",
            "assign_generated_ipv6_cidr_block": false,
            "cidr_block": "192.168.0.0/16",
            "default_network_acl_id": "acl-0c6cd0e7895e1afd3",
            "default_route_table_id": "rtb-08c0ac7f958de713f",
            "default_security_group_id": "sg-00c12629ba1c769c8",
            "dhcp_options_id": "dopt-04541e6a5852f0bfc",
            "enable_dns_hostnames": false,
            "enable_dns_support": true,
            "enable_network_address_usage_metrics": false,
            "id": "vpc-085fb43645452d106",
            "instance_tenancy": "default",
            "ipv4_ipam_pool_id": null,
            "ipv4_netmask_length": null,
            "ipv6_association_id": "",
            "ipv6_cidr_block": "",
            "ipv6_cidr_block_network_border_group": "",
            "ipv6_ipam_pool_id": "",
            "ipv6_netmask_length": 0,
            "main_route_table_id": "rtb-08c0ac7f958de713f",
            "owner_id": "771355239277",
            "tags": {
              "Name": "Innovatech-VPC"
            },
            "tags_all": {
              "Name": "Innovatech-VPC"
            }
          },
          "sensitive_attributes": [],
          "identity_schema_version": 0,
          "private": "eyJzY2hlbWFfdmVyc2lvbiI6IjEifQ=="
        }
      ]
    },
    {
      "mode": "managed",
      "type": "local_file",
      "name": "private_key",
      "provider": "provider[\"registry.terraform.io/hashicorp/local\"]",
      "instances": [
        {
          "schema_version": 0,
          "attributes": {
            "content": "-----BEGIN RSA PRIVATE KEY-----\nMIIEpAIBAAKCAQEAv4h+TTWR2epFg7KpCtSgg4TKFT4+T4F+9MHrv4iO2a2xFGnT\nGseSNBB9CYWBR9RclDxOIFfvTE8VFpgxn2gWdDzXEgubsWi5GpykHbNe6EwK7+gj\n8hYe3Ig4t5Y+3jxIFgFDdzDnIgyijulAi1++1lB1sbglwtLYQaFLMpthfyCBAgJC\nugPxfKr+QmikGsIt8tgq13w2bMUsHjhako0F90DLtxe9IPTy84+0ctt8zbOcm039\n5NeRbBTdVZPeencMF/S4QVd7puDGUibkFgHdMQsY+GzJPlkDtqOZHvN2lyWW7BgP\npbf7Aza4d9SYxn056aqSEVPesvlhzGELNG9jyQIDAQABAoIBAE36Kn2RnTcsZy+2\neZbkuRLCaambZS/mR0MrfijE1m+uBMWMTft9m7rhqZ5KQbd2MFjTcnU9h7m4Cpxf\nyvgcnuOk72Sz4CeqvI2mjzReVfnaF6vThWrmcZsURI8NtruwrCJ1UjvA56DXpwjq\n0rHLgbzsFfaMQ6ddQtj5a02Hr/pak1cA2/vX8iI+MvO9BiOHqWe8r7ICmSo09wr9\nbrZ9alAf+2UvznopArutBYqyGqWfw0+K0+roldTiEuWtcpxbDC6cPR8AMbTGCD6o\nAOkGMnfngYokC44S3s62+Ez6TFTwnQSvgiedh++ePUTCQs+Vt6Pf0GTV1KkAJ+ni\nlGP08v8CgYEA6Hr0IIg/eEyNieRO6xL3glKnQ6HOY/2xTl6ScVfge7ZpZu6B0bGu\nP6W2OZ86lye7v0vBPykQKfVkVdDTWpR3/37D+2Kl0PVhB4eN/6oyo4SqWmDi4rGr\nySi2JGg4cO9IDJ8P8QDoUlHx0NHR1UyyiEMbRYb3OAJSl1badNjSt2cCgYEA0ukL\nKMsodG1cAU3fD+tP1J/tIcTRps8PtZX23TP5xjDVq9cJvXUV+s+zhW52AquDyfST\nn/OZw8xVGpts+f3NzeLb5Q4KZ+QNDigZghIeFrRiiNE3V2fVeYTAnXe2PHaECW1k\n7i9MevBaNf5kSbEyJXApy2KiEFL4k5sjCkGY/U8CgYEAwIQpK9OIM9e5Eep1i+c9\n/bbyemhA4L7SGGLqhF/QLsJk0G9MI9kuwdg5acg5HbkymXxjQCmCECz89K+khosS\nQAq6wq7zP3Ij8rdHWOOZYZ3X8FXxLOcSqddD1ixUKPmNwZ3q9pnYyWrAhDtst2T3\nJy3jJJVanhAWUusCpuZywJsCgYEAkh2HcKSGi1p0IicrwSCZtslxBDMRt8m9rWSO\nmSL4CNkuPpWElu+14YPhcDBdq23dqJ07ZNXkEiTOVNeWwP6XhOqEwwReKylv7f3T\n5ivdEoe3t+eRuokh+MUCmFUmOG82/D0Abo7wIj+/j6aFHhSXlB5HpjLX6g1BTyls\nNh/J+LsCgYA/nO23BUXJQZRlo0NtQrzhJBo7G25vfaskUax5kJWzUBT/mpBwYMjU\nEe02LlDheEVxL4KBdCXjtL031XP2wZ5yypH5ejiW4SOvTpMmSGiSyRrkdGN80hSe\nKXKJKsPG5SwfLKnS77GlrEGRaSE7kpJS0bybzTWEZbnrhbq3AVPX3A==\n-----END RSA PRIVATE KEY-----\n",
            "content_base64": null,
            "content_base64sha256": "OCBiVjh2E/T9HWlHqRecx5y41UU0c2bWwPjcjP6hc78=",
            "content_base64sha512": "S+tcHAftOe6tpLbib06So2wdkQdaFsJn3XJbPJNzaVRbnuo8QkJ5ReMtpJjSwoAg7gJqWGL5CybPGNN+87xwpA==",
            "content_md5": "f3b25f0ab86edd41ba8eaeeb1f2416f5",
            "content_sha1": "84c84068708460630a39b306d2f9dd60e3963774",
            "content_sha256": "38206256387613f4fd1d6947a9179cc79cb8d545347366d6c0f8dc8cfea173bf",
            "content_sha512": "4beb5c1c07ed39eeada4b6e26f4e92a36c1d91075a16c267dd725b3c937369545b9eea3c42427945e32da498d2c28020ee026a5862f90b26cf18d37ef3bc70a4",
            "directory_permission": "0777",
            "file_permission": "0400",
            "filename": "$downloads/acceskey.pem",
            "id": "84c84068708460630a39b306d2f9dd60e3963774",
            "sensitive_content": null,
            "source": null
          },
          "sensitive_attributes": [
            [
              {
                "type": "get_attr",
                "value": "content"
              }
            ],
            [
              {
                "type": "get_attr",
                "value": "sensitive_content"
              }
            ]
          ],
          "identity_schema_version": 0,
          "dependencies": [
            "tls_private_key.acceskey"
          ]
        }
      ]
    },
    {
      "mode": "managed",
      "type": "tls_private_key",
      "name": "acceskey",
      "provider": "provider[\"registry.terraform.io/hashicorp/tls\"]",
      "instances": [
        {
          "schema_version": 1,
          "attributes": {
            "algorithm": "RSA",
            "ecdsa_curve": "P224",
            "id": "c558d0a23efc6d4ff43bb5ed65854c66aac0b326",
            "private_key_openssh": "-----BEGIN OPENSSH PRIVATE KEY-----\nb3BlbnNzaC1rZXktdjEAAAAABG5vbmUAAAAEbm9uZQAAAAAAAAABAAABFwAAAAdz\nc2gtcnNhAAAAAwEAAQAAAQEAv4h+TTWR2epFg7KpCtSgg4TKFT4+T4F+9MHrv4iO\n2a2xFGnTGseSNBB9CYWBR9RclDxOIFfvTE8VFpgxn2gWdDzXEgubsWi5GpykHbNe\n6EwK7+gj8hYe3Ig4t5Y+3jxIFgFDdzDnIgyijulAi1++1lB1sbglwtLYQaFLMpth\nfyCBAgJCugPxfKr+QmikGsIt8tgq13w2bMUsHjhako0F90DLtxe9IPTy84+0ctt8\nzbOcm0395NeRbBTdVZPeencMF/S4QVd7puDGUibkFgHdMQsY+GzJPlkDtqOZHvN2\nlyWW7BgPpbf7Aza4d9SYxn056aqSEVPesvlhzGELNG9jyQAAA7jNmWNWzZljVgAA\nAAdzc2gtcnNhAAABAQC/iH5NNZHZ6kWDsqkK1KCDhMoVPj5PgX70weu/iI7ZrbEU\nadMax5I0EH0JhYFH1FyUPE4gV+9MTxUWmDGfaBZ0PNcSC5uxaLkanKQds17oTArv\n6CPyFh7ciDi3lj7ePEgWAUN3MOciDKKO6UCLX77WUHWxuCXC0thBoUsym2F/IIEC\nAkK6A/F8qv5CaKQawi3y2CrXfDZsxSweOFqSjQX3QMu3F70g9PLzj7Ry23zNs5yb\nTf3k15FsFN1Vk956dwwX9LhBV3um4MZSJuQWAd0xCxj4bMk+WQO2o5ke83aXJZbs\nGA+lt/sDNrh31JjGfTnpqpIRU96y+WHMYQs0b2PJAAAAAwEAAQAAAQBN+ip9kZ03\nLGcvtnmW5LkSwmmpm2Uv5kdDK34oxNZvrgTFjE37fZu64ameSkG3djBY03J1PYe5\nuAqcX8r4HJ7jpO9ks+AnqryNpo80XlX52her04Vq5nGbFESPDba7sKwidVI7wOeg\n16cI6tKxy4G87BX2jEOnXULY+WtNh6/6WpNXANv71/IiPjLzvQYjh6lnvK+yApkq\nNPcK/W62fWpQH/tlL856KQK7rQWKshqln8NPitPq6JXU4hLlrXKcWwwunD0fADG0\nxgg+qADpBjJ354GKJAuOEt7OtvhM+kxU8J0Er4InnYfvnj1EwkLPlbej39Bk1dSp\nACfp4pRj9PL/AAAAgD+c7bcFRclBlGWjQ21CvOEkGjsbbm99qyRRrHmQlbNQFP+a\nkHBgyNQR7TYuUOF4RXEvgoF0JeO0vTfVc/bBnnLKkfl6OJbhI69OkyZIaJLJGuR0\nY3zSFJ4pcokqw8blLB8sqdLvsaWsQZFpITuSklLRvJvNNYRlueuFurcBU9fcAAAA\ngQDoevQgiD94TI2J5E7rEveCUqdDoc5j/bFOXpJxV+B7tmlm7oHRsa4/pbY5nzqX\nJ7u/S8E/KRAp9WRV0NNalHf/fsP7YqXQ9WEHh43/qjKjhKpaYOLisavJKLYkaDhw\n70gMnw/xAOhSUfHQ0dHVTLKIQxtFhvc4AlKXVtp02NK3ZwAAAIEA0ukLKMsodG1c\nAU3fD+tP1J/tIcTRps8PtZX23TP5xjDVq9cJvXUV+s+zhW52AquDyfSTn/OZw8xV\nGpts+f3NzeLb5Q4KZ+QNDigZghIeFrRiiNE3V2fVeYTAnXe2PHaECW1k7i9MevBa\nNf5kSbEyJXApy2KiEFL4k5sjCkGY/U8AAAAAAQID\n-----END OPENSSH PRIVATE KEY-----\n",
            "private_key_pem": "-----BEGIN RSA PRIVATE KEY-----\nMIIEpAIBAAKCAQEAv4h+TTWR2epFg7KpCtSgg4TKFT4+T4F+9MHrv4iO2a2xFGnT\nGseSNBB9CYWBR9RclDxOIFfvTE8VFpgxn2gWdDzXEgubsWi5GpykHbNe6EwK7+gj\n8hYe3Ig4t5Y+3jxIFgFDdzDnIgyijulAi1++1lB1sbglwtLYQaFLMpthfyCBAgJC\nugPxfKr+QmikGsIt8tgq13w2bMUsHjhako0F90DLtxe9IPTy84+0ctt8zbOcm039\n5NeRbBTdVZPeencMF/S4QVd7puDGUibkFgHdMQsY+GzJPlkDtqOZHvN2lyWW7BgP\npbf7Aza4d9SYxn056aqSEVPesvlhzGELNG9jyQIDAQABAoIBAE36Kn2RnTcsZy+2\neZbkuRLCaambZS/mR0MrfijE1m+uBMWMTft9m7rhqZ5KQbd2MFjTcnU9h7m4Cpxf\nyvgcnuOk72Sz4CeqvI2mjzReVfnaF6vThWrmcZsURI8NtruwrCJ1UjvA56DXpwjq\n0rHLgbzsFfaMQ6ddQtj5a02Hr/pak1cA2/vX8iI+MvO9BiOHqWe8r7ICmSo09wr9\nbrZ9alAf+2UvznopArutBYqyGqWfw0+K0+roldTiEuWtcpxbDC6cPR8AMbTGCD6o\nAOkGMnfngYokC44S3s62+Ez6TFTwnQSvgiedh++ePUTCQs+Vt6Pf0GTV1KkAJ+ni\nlGP08v8CgYEA6Hr0IIg/eEyNieRO6xL3glKnQ6HOY/2xTl6ScVfge7ZpZu6B0bGu\nP6W2OZ86lye7v0vBPykQKfVkVdDTWpR3/37D+2Kl0PVhB4eN/6oyo4SqWmDi4rGr\nySi2JGg4cO9IDJ8P8QDoUlHx0NHR1UyyiEMbRYb3OAJSl1badNjSt2cCgYEA0ukL\nKMsodG1cAU3fD+tP1J/tIcTRps8PtZX23TP5xjDVq9cJvXUV+s+zhW52AquDyfST\nn/OZw8xVGpts+f3NzeLb5Q4KZ+QNDigZghIeFrRiiNE3V2fVeYTAnXe2PHaECW1k\n7i9MevBaNf5kSbEyJXApy2KiEFL4k5sjCkGY/U8CgYEAwIQpK9OIM9e5Eep1i+c9\n/bbyemhA4L7SGGLqhF/QLsJk0G9MI9kuwdg5acg5HbkymXxjQCmCECz89K+khosS\nQAq6wq7zP3Ij8rdHWOOZYZ3X8FXxLOcSqddD1ixUKPmNwZ3q9pnYyWrAhDtst2T3\nJy3jJJVanhAWUusCpuZywJsCgYEAkh2HcKSGi1p0IicrwSCZtslxBDMRt8m9rWSO\nmSL4CNkuPpWElu+14YPhcDBdq23dqJ07ZNXkEiTOVNeWwP6XhOqEwwReKylv7f3T\n5ivdEoe3t+eRuokh+MUCmFUmOG82/D0Abo7wIj+/j6aFHhSXlB5HpjLX6g1BTyls\nNh/J+LsCgYA/nO23BUXJQZRlo0NtQrzhJBo7G25vfaskUax5kJWzUBT/mpBwYMjU\nEe02LlDheEVxL4KBdCXjtL031XP2wZ5yypH5ejiW4SOvTpMmSGiSyRrkdGN80hSe\nKXKJKsPG5SwfLKnS77GlrEGRaSE7kpJS0bybzTWEZbnrhbq3AVPX3A==\n-----END RSA PRIVATE KEY-----\n",
            "private_key_pem_pkcs8": "-----BEGIN PRIVATE KEY-----\nMIIEvgIBADANBgkqhkiG9w0BAQEFAASCBKgwggSkAgEAAoIBAQC/iH5NNZHZ6kWD\nsqkK1KCDhMoVPj5PgX70weu/iI7ZrbEUadMax5I0EH0JhYFH1FyUPE4gV+9MTxUW\nmDGfaBZ0PNcSC5uxaLkanKQds17oTArv6CPyFh7ciDi3lj7ePEgWAUN3MOciDKKO\n6UCLX77WUHWxuCXC0thBoUsym2F/IIECAkK6A/F8qv5CaKQawi3y2CrXfDZsxSwe\nOFqSjQX3QMu3F70g9PLzj7Ry23zNs5ybTf3k15FsFN1Vk956dwwX9LhBV3um4MZS\nJuQWAd0xCxj4bMk+WQO2o5ke83aXJZbsGA+lt/sDNrh31JjGfTnpqpIRU96y+WHM\nYQs0b2PJAgMBAAECggEATfoqfZGdNyxnL7Z5luS5EsJpqZtlL+ZHQyt+KMTWb64E\nxYxN+32buuGpnkpBt3YwWNNydT2HubgKnF/K+Bye46TvZLPgJ6q8jaaPNF5V+doX\nq9OFauZxmxREjw22u7CsInVSO8DnoNenCOrSscuBvOwV9oxDp11C2PlrTYev+lqT\nVwDb+9fyIj4y870GI4epZ7yvsgKZKjT3Cv1utn1qUB/7ZS/OeikCu60FirIapZ/D\nT4rT6uiV1OIS5a1ynFsMLpw9HwAxtMYIPqgA6QYyd+eBiiQLjhLezrb4TPpMVPCd\nBK+CJ52H7549RMJCz5W3o9/QZNXUqQAn6eKUY/Ty/wKBgQDoevQgiD94TI2J5E7r\nEveCUqdDoc5j/bFOXpJxV+B7tmlm7oHRsa4/pbY5nzqXJ7u/S8E/KRAp9WRV0NNa\nlHf/fsP7YqXQ9WEHh43/qjKjhKpaYOLisavJKLYkaDhw70gMnw/xAOhSUfHQ0dHV\nTLKIQxtFhvc4AlKXVtp02NK3ZwKBgQDS6Qsoyyh0bVwBTd8P60/Un+0hxNGmzw+1\nlfbdM/nGMNWr1wm9dRX6z7OFbnYCq4PJ9JOf85nDzFUam2z5/c3N4tvlDgpn5A0O\nKBmCEh4WtGKI0TdXZ9V5hMCdd7Y8doQJbWTuL0x68Fo1/mRJsTIlcCnLYqIQUviT\nmyMKQZj9TwKBgQDAhCkr04gz17kR6nWL5z39tvJ6aEDgvtIYYuqEX9AuwmTQb0wj\n2S7B2DlpyDkduTKZfGNAKYIQLPz0r6SGixJACrrCrvM/ciPyt0dY45lhndfwVfEs\n5xKp10PWLFQo+Y3Bner2mdjJasCEO2y3ZPcnLeMklVqeEBZS6wKm5nLAmwKBgQCS\nHYdwpIaLWnQiJyvBIJm2yXEEMxG3yb2tZI6ZIvgI2S4+lYSW77Xhg+FwMF2rbd2o\nnTtk1eQSJM5U15bA/peE6oTDBF4rKW/t/dPmK90Sh7e355G6iSH4xQKYVSY4bzb8\nPQBujvAiP7+PpoUeFJeUHkemMtfqDUFPKWw2H8n4uwKBgD+c7bcFRclBlGWjQ21C\nvOEkGjsbbm99qyRRrHmQlbNQFP+akHBgyNQR7TYuUOF4RXEvgoF0JeO0vTfVc/bB\nnnLKkfl6OJbhI69OkyZIaJLJGuR0Y3zSFJ4pcokqw8blLB8sqdLvsaWsQZFpITuS\nklLRvJvNNYRlueuFurcBU9fc\n-----END PRIVATE KEY-----\n",
            "public_key_fingerprint_md5": "0f:df:23:32:b9:66:83:f3:d1:24:4f:f5:a3:9f:73:cb",
            "public_key_fingerprint_sha256": "SHA256:GDCR475HRRHcTlZV+2mMoIv/wdOvpl6vBP5kaumT4VI",
            "public_key_openssh": "ssh-rsa AAAAB3NzaC1yc2EAAAADAQABAAABAQC/iH5NNZHZ6kWDsqkK1KCDhMoVPj5PgX70weu/iI7ZrbEUadMax5I0EH0JhYFH1FyUPE4gV+9MTxUWmDGfaBZ0PNcSC5uxaLkanKQds17oTArv6CPyFh7ciDi3lj7ePEgWAUN3MOciDKKO6UCLX77WUHWxuCXC0thBoUsym2F/IIECAkK6A/F8qv5CaKQawi3y2CrXfDZsxSweOFqSjQX3QMu3F70g9PLzj7Ry23zNs5ybTf3k15FsFN1Vk956dwwX9LhBV3um4MZSJuQWAd0xCxj4bMk+WQO2o5ke83aXJZbsGA+lt/sDNrh31JjGfTnpqpIRU96y+WHMYQs0b2PJ\n",
            "public_key_pem": "-----BEGIN PUBLIC KEY-----\nMIIBIjANBgkqhkiG9w0BAQEFAAOCAQ8AMIIBCgKCAQEAv4h+TTWR2epFg7KpCtSg\ng4TKFT4+T4F+9MHrv4iO2a2xFGnTGseSNBB9CYWBR9RclDxOIFfvTE8VFpgxn2gW\ndDzXEgubsWi5GpykHbNe6EwK7+gj8hYe3Ig4t5Y+3jxIFgFDdzDnIgyijulAi1++\n1lB1sbglwtLYQaFLMpthfyCBAgJCugPxfKr+QmikGsIt8tgq13w2bMUsHjhako0F\n90DLtxe9IPTy84+0ctt8zbOcm0395NeRbBTdVZPeencMF/S4QVd7puDGUibkFgHd\nMQsY+GzJPlkDtqOZHvN2lyWW7BgPpbf7Aza4d9SYxn056aqSEVPesvlhzGELNG9j\nyQIDAQAB\n-----END PUBLIC KEY-----\n",
            "rsa_bits": 2048
          },
          "sensitive_attributes": [
            [
              {
                "type": "get_attr",
                "value": "private_key_openssh"
              }
            ],
            [
              {
                "type": "get_attr",
                "value": "private_key_pem"
              }
            ],
            [
              {
                "type": "get_attr",
                "value": "private_key_pem_pkcs8"
              }
            ]
          ],
          "identity_schema_version": 0
        }
      ]
    }
  ],
  "check_results": null
}
